
Microsoft Visual Studio Solution File, Format Version 12.00
# Visual Studio 15
VisualStudioVersion = 15.0.28306.52
MinimumVisualStudioVersion = 10.0.40219.1
Project("{FAE04EC0-301F-11D3-BF4B-00C04F79EFBC}") = "Day7_Tanks_", "Day7Tanks\Day7_Tanks_.csproj", "{749924D7-9850-496A-A97E-35FB3C7D7310}"
EndProject
Global
	GlobalSection(SolutionConfigurationPlatforms) = preSolution
		Debug|Any CPU = Debug|Any CPU
		Release|Any CPU = Release|Any CPU
	EndGlobalSection
	GlobalSection(ProjectConfigurationPlatforms) = postSolution
		{749924D7-9850-496A-A97E-35FB3C7D7310}.Debug|Any CPU.ActiveCfg = Debug|Any CPU
		{749924D7-9850-496A-A97E-35FB3C7D7310}.Debug|Any CPU.Build.0 = Debug|Any CPU
		{749924D7-9850-496A-A97E-35FB3C7D7310}.Release|Any CPU.ActiveCfg = Release|Any CPU
		{749924D7-9850-496A-A97E-35FB3C7D7310}.Release|Any CPU.Build.0 = Release|Any CPU
	EndGlobalSection
	GlobalSection(SolutionProperties) = preSolution
		HideSolutionNode = FALSE
	EndGlobalSection
	GlobalSection(ExtensibilityGlobals) = postSolution
		SolutionGuid = {B44B5553-80F8-4B3A-9F4F-D5958655F68E}
	EndGlobalSection
EndGlobal
